<?xml version="1.0" encoding="utf-8"?>
<Project ToolsVersion="17.0" xmlns="http://schemas.microsoft.com/developer/msbuild/2003">
  <ItemGroup>
    <CustomBuild Include="C:\Users\amit5\Desktop\AUDIO_PRO\audio-plugin-template\host-build\CMakeFiles\c51228905590c6e97750515975c61b72\SeeWhatYouHear_resources.rc.rule">
      <Filter>CMake Rules</Filter>
    </CustomBuild>
    <CustomBuild Include="C:\Users\amit5\Desktop\AUDIO_PRO\audio-plugin-template\plugin\CMakeLists.txt" />
  </ItemGroup>
  <ItemGroup>
    <ResourceCompile Include="C:\Users\amit5\Desktop\AUDIO_PRO\audio-plugin-template\host-build\plugin\SeeWhatYouHear_artefacts\JuceLibraryCode\SeeWhatYouHear_resources.rc">
      <Filter>Source Files</Filter>
    </ResourceCompile>
  </ItemGroup>
  <ItemGroup>
    <Filter Include="CMake Rules">
      <UniqueIdentifier>{AA9B96F1-67CB-3C93-8400-171D149DCBFE}</UniqueIdentifier>
    </Filter>
    <Filter Include="Source Files">
      <UniqueIdentifier>{E5B76EB6-C4D1-3869-BAC3-0A87D6936245}</UniqueIdentifier>
    </Filter>
  </ItemGroup>
</Project>
