<?xml version="1.0" encoding="utf-8"?>
<Project ToolsVersion="17.0" xmlns="http://schemas.microsoft.com/developer/msbuild/2003">
  <ItemGroup>
    <ClCompile Include="C:\Users\amit5\Desktop\AUDIO_PRO\audio-plugin-template\plugin\source\ColorDecisionML.cpp">
      <Filter>Source Files</Filter>
    </ClCompile>
    <ClCompile Include="C:\Users\amit5\Desktop\AUDIO_PRO\audio-plugin-template\plugin\source\FFTProcessor.cpp">
      <Filter>Source Files</Filter>
    </ClCompile>
    <ClCompile Include="C:\Users\amit5\Desktop\AUDIO_PRO\audio-plugin-template\plugin\source\LEDCommunication.cpp">
      <Filter>Source Files</Filter>
    </ClCompile>
    <ClCompile Include="C:\Users\amit5\Desktop\AUDIO_PRO\audio-plugin-template\plugin\source\PluginEditor.cpp">
      <Filter>Source Files</Filter>
    </ClCompile>
    <ClCompile Include="C:\Users\amit5\Desktop\AUDIO_PRO\audio-plugin-template\plugin\source\PluginProcessor.cpp">
      <Filter>Source Files</Filter>
    </ClCompile>
    <ClCompile Include="C:\Users\amit5\Desktop\AUDIO_PRO\audio-plugin-template\libs\juce\modules\juce_audio_processors\juce_audio_processors.cpp">
      <Filter>Source Files</Filter>
    </ClCompile>
    <ClCompile Include="C:\Users\amit5\Desktop\AUDIO_PRO\audio-plugin-template\libs\juce\modules\juce_audio_processors\juce_audio_processors_ara.cpp">
      <Filter>Source Files</Filter>
    </ClCompile>
    <ClCompile Include="C:\Users\amit5\Desktop\AUDIO_PRO\audio-plugin-template\libs\juce\modules\juce_audio_processors\juce_audio_processors_lv2_libs.cpp">
      <Filter>Source Files</Filter>
    </ClCompile>
    <ClCompile Include="C:\Users\amit5\Desktop\AUDIO_PRO\audio-plugin-template\libs\juce\modules\juce_gui_extra\juce_gui_extra.cpp">
      <Filter>Source Files</Filter>
    </ClCompile>
    <ClCompile Include="C:\Users\amit5\Desktop\AUDIO_PRO\audio-plugin-template\libs\juce\modules\juce_gui_basics\juce_gui_basics.cpp">
      <Filter>Source Files</Filter>
    </ClCompile>
    <ClCompile Include="C:\Users\amit5\Desktop\AUDIO_PRO\audio-plugin-template\libs\juce\modules\juce_graphics\juce_graphics.cpp">
      <Filter>Source Files</Filter>
    </ClCompile>
    <ClCompile Include="C:\Users\amit5\Desktop\AUDIO_PRO\audio-plugin-template\libs\juce\modules\juce_graphics\juce_graphics_Harfbuzz.cpp">
      <Filter>Source Files</Filter>
    </ClCompile>
    <ClCompile Include="C:\Users\amit5\Desktop\AUDIO_PRO\audio-plugin-template\libs\juce\modules\juce_graphics\juce_graphics_Sheenbidi.c">
      <Filter>Source Files</Filter>
    </ClCompile>
    <ClCompile Include="C:\Users\amit5\Desktop\AUDIO_PRO\audio-plugin-template\libs\juce\modules\juce_events\juce_events.cpp">
      <Filter>Source Files</Filter>
    </ClCompile>
    <ClCompile Include="C:\Users\amit5\Desktop\AUDIO_PRO\audio-plugin-template\libs\juce\modules\juce_core\juce_core.cpp">
      <Filter>Source Files</Filter>
    </ClCompile>
    <ClCompile Include="C:\Users\amit5\Desktop\AUDIO_PRO\audio-plugin-template\libs\juce\modules\juce_core\juce_core_CompilationTime.cpp">
      <Filter>Source Files</Filter>
    </ClCompile>
    <ClCompile Include="C:\Users\amit5\Desktop\AUDIO_PRO\audio-plugin-template\libs\juce\modules\juce_data_structures\juce_data_structures.cpp">
      <Filter>Source Files</Filter>
    </ClCompile>
    <ClCompile Include="C:\Users\amit5\Desktop\AUDIO_PRO\audio-plugin-template\libs\juce\modules\juce_audio_basics\juce_audio_basics.cpp">
      <Filter>Source Files</Filter>
    </ClCompile>
    <ClCompile Include="C:\Users\amit5\Desktop\AUDIO_PRO\audio-plugin-template\libs\juce\modules\juce_audio_utils\juce_audio_utils.cpp">
      <Filter>Source Files</Filter>
    </ClCompile>
    <ClCompile Include="C:\Users\amit5\Desktop\AUDIO_PRO\audio-plugin-template\libs\juce\modules\juce_audio_formats\juce_audio_formats.cpp">
      <Filter>Source Files</Filter>
    </ClCompile>
    <ClCompile Include="C:\Users\amit5\Desktop\AUDIO_PRO\audio-plugin-template\libs\juce\modules\juce_audio_devices\juce_audio_devices.cpp">
      <Filter>Source Files</Filter>
    </ClCompile>
    <ClCompile Include="C:\Users\amit5\Desktop\AUDIO_PRO\audio-plugin-template\libs\juce\modules\juce_dsp\juce_dsp.cpp">
      <Filter>Source Files</Filter>
    </ClCompile>
  </ItemGroup>
  <ItemGroup>
    <ClInclude Include="C:\Users\amit5\Desktop\AUDIO_PRO\audio-plugin-template\plugin\include\SeeWhatYouHear\PluginEditor.h">
      <Filter>Header Files</Filter>
    </ClInclude>
    <ClInclude Include="C:\Users\amit5\Desktop\AUDIO_PRO\audio-plugin-template\plugin\include\SeeWhatYouHear\PluginProcessor.h">
      <Filter>Header Files</Filter>
    </ClInclude>
    <ClInclude Include="C:\Users\amit5\Desktop\AUDIO_PRO\audio-plugin-template\plugin\include\SeeWhatYouHear\LEDCommunication.h">
      <Filter>Header Files</Filter>
    </ClInclude>
    <ClInclude Include="C:\Users\amit5\Desktop\AUDIO_PRO\audio-plugin-template\plugin\include\SeeWhatYouHear\CommonDef.h">
      <Filter>Header Files</Filter>
    </ClInclude>
    <ClInclude Include="C:\Users\amit5\Desktop\AUDIO_PRO\audio-plugin-template\plugin\include\SeeWhatYouHear\FFTProcessor.h">
      <Filter>Header Files</Filter>
    </ClInclude>
    <ClInclude Include="C:\Users\amit5\Desktop\AUDIO_PRO\audio-plugin-template\plugin\include\SeeWhatYouHear\ColorDecisionML.h">
      <Filter>Header Files</Filter>
    </ClInclude>
  </ItemGroup>
  <ItemGroup>
    <CustomBuild Include="C:\Users\amit5\Desktop\AUDIO_PRO\audio-plugin-template\plugin\CMakeLists.txt" />
  </ItemGroup>
  <ItemGroup>
    <Filter Include="Header Files">
      <UniqueIdentifier>{CD21727F-233B-3BEA-A197-49EE0AAE0B45}</UniqueIdentifier>
    </Filter>
    <Filter Include="Source Files">
      <UniqueIdentifier>{E5B76EB6-C4D1-3869-BAC3-0A87D6936245}</UniqueIdentifier>
    </Filter>
  </ItemGroup>
</Project>
