<?xml version="1.0" encoding="utf-8"?>
<Project ToolsVersion="17.0" xmlns="http://schemas.microsoft.com/developer/msbuild/2003">
  <ItemGroup>
    <ClCompile Include="C:\Users\amit5\Desktop\AUDIO_PRO\audio-plugin-template\libs\juce\modules\juce_dsp\juce_dsp.cpp">
      <Filter>Source Files</Filter>
    </ClCompile>
    <ClCompile Include="C:\Users\amit5\Desktop\AUDIO_PRO\audio-plugin-template\libs\juce\modules\juce_audio_formats\juce_audio_formats.cpp">
      <Filter>Source Files</Filter>
    </ClCompile>
    <ClCompile Include="C:\Users\amit5\Desktop\AUDIO_PRO\audio-plugin-template\libs\juce\modules\juce_audio_basics\juce_audio_basics.cpp">
      <Filter>Source Files</Filter>
    </ClCompile>
    <ClCompile Include="C:\Users\amit5\Desktop\AUDIO_PRO\audio-plugin-template\libs\juce\modules\juce_core\juce_core.cpp">
      <Filter>Source Files</Filter>
    </ClCompile>
    <ClCompile Include="C:\Users\amit5\Desktop\AUDIO_PRO\audio-plugin-template\libs\juce\modules\juce_core\juce_core_CompilationTime.cpp">
      <Filter>Source Files</Filter>
    </ClCompile>
    <ClCompile Include="C:\Users\amit5\Desktop\AUDIO_PRO\audio-plugin-template\libs\juce\modules\juce_audio_plugin_client\juce_audio_plugin_client_AAX.cpp">
      <Filter>Source Files</Filter>
    </ClCompile>
    <ClCompile Include="C:\Users\amit5\Desktop\AUDIO_PRO\audio-plugin-template\libs\juce\modules\juce_audio_plugin_client\juce_audio_plugin_client_AAX_utils.cpp">
      <Filter>Source Files</Filter>
    </ClCompile>
    <ClCompile Include="C:\Users\amit5\Desktop\AUDIO_PRO\audio-plugin-template\libs\juce\modules\juce_audio_plugin_client\juce_audio_plugin_client_ARA.cpp">
      <Filter>Source Files</Filter>
    </ClCompile>
    <ClCompile Include="C:\Users\amit5\Desktop\AUDIO_PRO\audio-plugin-template\libs\juce\modules\juce_audio_plugin_client\juce_audio_plugin_client_LV2.cpp">
      <Filter>Source Files</Filter>
    </ClCompile>
    <ClCompile Include="C:\Users\amit5\Desktop\AUDIO_PRO\audio-plugin-template\libs\juce\modules\juce_audio_plugin_client\juce_audio_plugin_client_Standalone.cpp">
      <Filter>Source Files</Filter>
    </ClCompile>
    <ClCompile Include="C:\Users\amit5\Desktop\AUDIO_PRO\audio-plugin-template\libs\juce\modules\juce_audio_plugin_client\juce_audio_plugin_client_Unity.cpp">
      <Filter>Source Files</Filter>
    </ClCompile>
    <ClCompile Include="C:\Users\amit5\Desktop\AUDIO_PRO\audio-plugin-template\libs\juce\modules\juce_audio_plugin_client\juce_audio_plugin_client_VST2.cpp">
      <Filter>Source Files</Filter>
    </ClCompile>
    <ClCompile Include="C:\Users\amit5\Desktop\AUDIO_PRO\audio-plugin-template\libs\juce\modules\juce_audio_plugin_client\juce_audio_plugin_client_VST3.cpp">
      <Filter>Source Files</Filter>
    </ClCompile>
  </ItemGroup>
  <ItemGroup>
    <CustomBuild Include="C:\Users\amit5\Desktop\AUDIO_PRO\audio-plugin-template\plugin\CMakeLists.txt" />
  </ItemGroup>
  <ItemGroup>
    <Object Include="C:\Users\amit5\Desktop\AUDIO_PRO\audio-plugin-template\host-build\plugin\SeeWhatYouHear_rc_lib.dir\$(Configuration)\SeeWhatYouHear_resources.res">
      <Filter>Object Libraries</Filter>
    </Object>
  </ItemGroup>
  <ItemGroup>
    <Filter Include="Object Libraries">
      <UniqueIdentifier>{7C38F346-5D86-34C4-9367-D5B176B4DF5B}</UniqueIdentifier>
    </Filter>
    <Filter Include="Source Files">
      <UniqueIdentifier>{E5B76EB6-C4D1-3869-BAC3-0A87D6936245}</UniqueIdentifier>
    </Filter>
  </ItemGroup>
</Project>
