
Microsoft Visual Studio Solution File, Format Version 12.00
# Visual Studio Version 17
Project("{2150E333-8FDC-42A3-9474-1A3956D46DE8}") = "CMakePredefinedTargets", "CMakePredefinedTargets", "{CA4C7A04-7497-30F8-A290-A3D94A134064}"
EndProject
Project("{2150E333-8FDC-42A3-9474-1A3956D46DE8}") = "SeeWhatYouHear", "SeeWhatYouHear", "{67C97673-E49A-309A-97EA-748CE7ECE9A2}"
EndProject
Project("{8BC9CEB8-8B4A-11D0-8D11-00A0C91BC942}") = "ALL_BUILD", "ALL_BUILD.vcxproj", "{379DB46A-8F29-328B-9AF9-AB12D7E094F3}"
	ProjectSection(ProjectDependencies) = postProject
		{A46D83C0-369A-3A66-A22B-A4B465CA14EB} = {A46D83C0-369A-3A66-A22B-A4B465CA14EB}
		{F1901361-4B34-350F-A878-80CDD156C682} = {F1901361-4B34-350F-A878-80CDD156C682}
		{31977790-22C8-3B64-9F2B-B8C229656AC3} = {31977790-22C8-3B64-9F2B-B8C229656AC3}
		{66E7487D-7F8E-336B-96C8-D4C3BE56569B} = {66E7487D-7F8E-336B-96C8-D4C3BE56569B}
		{50BEE8E8-776F-3098-B9C5-638E9A0933CA} = {50BEE8E8-776F-3098-B9C5-638E9A0933CA}
		{842D576E-B94C-3621-8ECB-0FA8125C2861} = {842D576E-B94C-3621-8ECB-0FA8125C2861}
		{DC378F0E-A523-349C-8FF2-0A91E7150089} = {DC378F0E-A523-349C-8FF2-0A91E7150089}
		{D40BD213-87C6-3141-A2D2-894F46B6699D} = {D40BD213-87C6-3141-A2D2-894F46B6699D}
		{837588B9-7A36-3FA8-92D2-E99FAC6EDB7F} = {837588B9-7A36-3FA8-92D2-E99FAC6EDB7F}
		{258998C4-26E9-3893-B4B4-56EEE0ED9885} = {258998C4-26E9-3893-B4B4-56EEE0ED9885}
		{41052550-A913-3D5F-8D4A-465341E843D0} = {41052550-A913-3D5F-8D4A-465341E843D0}
	EndProjectSection
EndProject
Project("{8BC9CEB8-8B4A-11D0-8D11-00A0C91BC942}") = "INSTALL", "INSTALL.vcxproj", "{AE013B99-57A6-33C0-959D-C271CB7AF2DD}"
	ProjectSection(ProjectDependencies) = postProject
		{379DB46A-8F29-328B-9AF9-AB12D7E094F3} = {379DB46A-8F29-328B-9AF9-AB12D7E094F3}
		{842D576E-B94C-3621-8ECB-0FA8125C2861} = {842D576E-B94C-3621-8ECB-0FA8125C2861}
	EndProjectSection
EndProject
Project("{8BC9CEB8-8B4A-11D0-8D11-00A0C91BC942}") = "RUN_TESTS", "RUN_TESTS.vcxproj", "{894569D8-E481-3FE5-A664-EF0E50AF20DF}"
	ProjectSection(ProjectDependencies) = postProject
		{842D576E-B94C-3621-8ECB-0FA8125C2861} = {842D576E-B94C-3621-8ECB-0FA8125C2861}
	EndProjectSection
EndProject
Project("{8BC9CEB8-8B4A-11D0-8D11-00A0C91BC942}") = "SeeWhatYouHear", "plugin\SeeWhatYouHear.vcxproj", "{A46D83C0-369A-3A66-A22B-A4B465CA14EB}"
	ProjectSection(ProjectDependencies) = postProject
		{842D576E-B94C-3621-8ECB-0FA8125C2861} = {842D576E-B94C-3621-8ECB-0FA8125C2861}
	EndProjectSection
EndProject
Project("{8BC9CEB8-8B4A-11D0-8D11-00A0C91BC942}") = "SeeWhatYouHearTest", "test\SeeWhatYouHearTest.vcxproj", "{F1901361-4B34-350F-A878-80CDD156C682}"
	ProjectSection(ProjectDependencies) = postProject
		{A46D83C0-369A-3A66-A22B-A4B465CA14EB} = {A46D83C0-369A-3A66-A22B-A4B465CA14EB}
		{842D576E-B94C-3621-8ECB-0FA8125C2861} = {842D576E-B94C-3621-8ECB-0FA8125C2861}
		{837588B9-7A36-3FA8-92D2-E99FAC6EDB7F} = {837588B9-7A36-3FA8-92D2-E99FAC6EDB7F}
		{258998C4-26E9-3893-B4B4-56EEE0ED9885} = {258998C4-26E9-3893-B4B4-56EEE0ED9885}
	EndProjectSection
EndProject
Project("{8BC9CEB8-8B4A-11D0-8D11-00A0C91BC942}") = "SeeWhatYouHear_All", "plugin\SeeWhatYouHear_All.vcxproj", "{029E7050-B8E5-3487-9783-D69E8A44C7CD}"
	ProjectSection(ProjectDependencies) = postProject
		{31977790-22C8-3B64-9F2B-B8C229656AC3} = {31977790-22C8-3B64-9F2B-B8C229656AC3}
		{66E7487D-7F8E-336B-96C8-D4C3BE56569B} = {66E7487D-7F8E-336B-96C8-D4C3BE56569B}
		{842D576E-B94C-3621-8ECB-0FA8125C2861} = {842D576E-B94C-3621-8ECB-0FA8125C2861}
	EndProjectSection
EndProject
Project("{8BC9CEB8-8B4A-11D0-8D11-00A0C91BC942}") = "SeeWhatYouHear_Standalone", "plugin\SeeWhatYouHear_Standalone.vcxproj", "{31977790-22C8-3B64-9F2B-B8C229656AC3}"
	ProjectSection(ProjectDependencies) = postProject
		{A46D83C0-369A-3A66-A22B-A4B465CA14EB} = {A46D83C0-369A-3A66-A22B-A4B465CA14EB}
		{50BEE8E8-776F-3098-B9C5-638E9A0933CA} = {50BEE8E8-776F-3098-B9C5-638E9A0933CA}
		{842D576E-B94C-3621-8ECB-0FA8125C2861} = {842D576E-B94C-3621-8ECB-0FA8125C2861}
	EndProjectSection
EndProject
Project("{8BC9CEB8-8B4A-11D0-8D11-00A0C91BC942}") = "SeeWhatYouHear_VST3", "plugin\SeeWhatYouHear_VST3.vcxproj", "{66E7487D-7F8E-336B-96C8-D4C3BE56569B}"
	ProjectSection(ProjectDependencies) = postProject
		{A46D83C0-369A-3A66-A22B-A4B465CA14EB} = {A46D83C0-369A-3A66-A22B-A4B465CA14EB}
		{50BEE8E8-776F-3098-B9C5-638E9A0933CA} = {50BEE8E8-776F-3098-B9C5-638E9A0933CA}
		{842D576E-B94C-3621-8ECB-0FA8125C2861} = {842D576E-B94C-3621-8ECB-0FA8125C2861}
		{41052550-A913-3D5F-8D4A-465341E843D0} = {41052550-A913-3D5F-8D4A-465341E843D0}
	EndProjectSection
EndProject
Project("{8BC9CEB8-8B4A-11D0-8D11-00A0C91BC942}") = "SeeWhatYouHear_rc_lib", "plugin\SeeWhatYouHear_rc_lib.vcxproj", "{50BEE8E8-776F-3098-B9C5-638E9A0933CA}"
	ProjectSection(ProjectDependencies) = postProject
		{842D576E-B94C-3621-8ECB-0FA8125C2861} = {842D576E-B94C-3621-8ECB-0FA8125C2861}
	EndProjectSection
EndProject
Project("{8BC9CEB8-8B4A-11D0-8D11-00A0C91BC942}") = "ZERO_CHECK", "ZERO_CHECK.vcxproj", "{842D576E-B94C-3621-8ECB-0FA8125C2861}"
	ProjectSection(ProjectDependencies) = postProject
	EndProjectSection
EndProject
Project("{8BC9CEB8-8B4A-11D0-8D11-00A0C91BC942}") = "gmock", "_deps\googletest-build\googlemock\gmock.vcxproj", "{DC378F0E-A523-349C-8FF2-0A91E7150089}"
	ProjectSection(ProjectDependencies) = postProject
		{842D576E-B94C-3621-8ECB-0FA8125C2861} = {842D576E-B94C-3621-8ECB-0FA8125C2861}
	EndProjectSection
EndProject
Project("{8BC9CEB8-8B4A-11D0-8D11-00A0C91BC942}") = "gmock_main", "_deps\googletest-build\googlemock\gmock_main.vcxproj", "{D40BD213-87C6-3141-A2D2-894F46B6699D}"
	ProjectSection(ProjectDependencies) = postProject
		{842D576E-B94C-3621-8ECB-0FA8125C2861} = {842D576E-B94C-3621-8ECB-0FA8125C2861}
	EndProjectSection
EndProject
Project("{8BC9CEB8-8B4A-11D0-8D11-00A0C91BC942}") = "gtest", "_deps\googletest-build\googletest\gtest.vcxproj", "{837588B9-7A36-3FA8-92D2-E99FAC6EDB7F}"
	ProjectSection(ProjectDependencies) = postProject
		{842D576E-B94C-3621-8ECB-0FA8125C2861} = {842D576E-B94C-3621-8ECB-0FA8125C2861}
	EndProjectSection
EndProject
Project("{8BC9CEB8-8B4A-11D0-8D11-00A0C91BC942}") = "gtest_main", "_deps\googletest-build\googletest\gtest_main.vcxproj", "{258998C4-26E9-3893-B4B4-56EEE0ED9885}"
	ProjectSection(ProjectDependencies) = postProject
		{842D576E-B94C-3621-8ECB-0FA8125C2861} = {842D576E-B94C-3621-8ECB-0FA8125C2861}
		{837588B9-7A36-3FA8-92D2-E99FAC6EDB7F} = {837588B9-7A36-3FA8-92D2-E99FAC6EDB7F}
	EndProjectSection
EndProject
Project("{8BC9CEB8-8B4A-11D0-8D11-00A0C91BC942}") = "juce_vst3_helper", "plugin\juce_vst3_helper.vcxproj", "{41052550-A913-3D5F-8D4A-465341E843D0}"
	ProjectSection(ProjectDependencies) = postProject
		{842D576E-B94C-3621-8ECB-0FA8125C2861} = {842D576E-B94C-3621-8ECB-0FA8125C2861}
	EndProjectSection
EndProject
Global
	GlobalSection(SolutionConfigurationPlatforms) = preSolution
		Debug|x64 = Debug|x64
		Release|x64 = Release|x64
		MinSizeRel|x64 = MinSizeRel|x64
		RelWithDebInfo|x64 = RelWithDebInfo|x64
	EndGlobalSection
	GlobalSection(ProjectConfigurationPlatforms) = postSolution
		{379DB46A-8F29-328B-9AF9-AB12D7E094F3}.Debug|x64.ActiveCfg = Debug|x64
		{379DB46A-8F29-328B-9AF9-AB12D7E094F3}.Debug|x64.Build.0 = Debug|x64
		{379DB46A-8F29-328B-9AF9-AB12D7E094F3}.Release|x64.ActiveCfg = Release|x64
		{379DB46A-8F29-328B-9AF9-AB12D7E094F3}.Release|x64.Build.0 = Release|x64
		{379DB46A-8F29-328B-9AF9-AB12D7E094F3}.MinSizeRel|x64.ActiveCfg = MinSizeRel|x64
		{379DB46A-8F29-328B-9AF9-AB12D7E094F3}.MinSizeRel|x64.Build.0 = MinSizeRel|x64
		{379DB46A-8F29-328B-9AF9-AB12D7E094F3}.RelWithDebInfo|x64.ActiveCfg = RelWithDebInfo|x64
		{379DB46A-8F29-328B-9AF9-AB12D7E094F3}.RelWithDebInfo|x64.Build.0 = RelWithDebInfo|x64
		{AE013B99-57A6-33C0-959D-C271CB7AF2DD}.Debug|x64.ActiveCfg = Debug|x64
		{AE013B99-57A6-33C0-959D-C271CB7AF2DD}.Release|x64.ActiveCfg = Release|x64
		{AE013B99-57A6-33C0-959D-C271CB7AF2DD}.MinSizeRel|x64.ActiveCfg = MinSizeRel|x64
		{AE013B99-57A6-33C0-959D-C271CB7AF2DD}.RelWithDebInfo|x64.ActiveCfg = RelWithDebInfo|x64
		{894569D8-E481-3FE5-A664-EF0E50AF20DF}.Debug|x64.ActiveCfg = Debug|x64
		{894569D8-E481-3FE5-A664-EF0E50AF20DF}.Release|x64.ActiveCfg = Release|x64
		{894569D8-E481-3FE5-A664-EF0E50AF20DF}.MinSizeRel|x64.ActiveCfg = MinSizeRel|x64
		{894569D8-E481-3FE5-A664-EF0E50AF20DF}.RelWithDebInfo|x64.ActiveCfg = RelWithDebInfo|x64
		{A46D83C0-369A-3A66-A22B-A4B465CA14EB}.Debug|x64.ActiveCfg = Debug|x64
		{A46D83C0-369A-3A66-A22B-A4B465CA14EB}.Debug|x64.Build.0 = Debug|x64
		{A46D83C0-369A-3A66-A22B-A4B465CA14EB}.Release|x64.ActiveCfg = Release|x64
		{A46D83C0-369A-3A66-A22B-A4B465CA14EB}.Release|x64.Build.0 = Release|x64
		{A46D83C0-369A-3A66-A22B-A4B465CA14EB}.MinSizeRel|x64.ActiveCfg = MinSizeRel|x64
		{A46D83C0-369A-3A66-A22B-A4B465CA14EB}.MinSizeRel|x64.Build.0 = MinSizeRel|x64
		{A46D83C0-369A-3A66-A22B-A4B465CA14EB}.RelWithDebInfo|x64.ActiveCfg = RelWithDebInfo|x64
		{A46D83C0-369A-3A66-A22B-A4B465CA14EB}.RelWithDebInfo|x64.Build.0 = RelWithDebInfo|x64
		{F1901361-4B34-350F-A878-80CDD156C682}.Debug|x64.ActiveCfg = Debug|x64
		{F1901361-4B34-350F-A878-80CDD156C682}.Debug|x64.Build.0 = Debug|x64
		{F1901361-4B34-350F-A878-80CDD156C682}.Release|x64.ActiveCfg = Release|x64
		{F1901361-4B34-350F-A878-80CDD156C682}.Release|x64.Build.0 = Release|x64
		{F1901361-4B34-350F-A878-80CDD156C682}.MinSizeRel|x64.ActiveCfg = MinSizeRel|x64
		{F1901361-4B34-350F-A878-80CDD156C682}.MinSizeRel|x64.Build.0 = MinSizeRel|x64
		{F1901361-4B34-350F-A878-80CDD156C682}.RelWithDebInfo|x64.ActiveCfg = RelWithDebInfo|x64
		{F1901361-4B34-350F-A878-80CDD156C682}.RelWithDebInfo|x64.Build.0 = RelWithDebInfo|x64
		{029E7050-B8E5-3487-9783-D69E8A44C7CD}.Debug|x64.ActiveCfg = Debug|x64
		{029E7050-B8E5-3487-9783-D69E8A44C7CD}.Release|x64.ActiveCfg = Release|x64
		{029E7050-B8E5-3487-9783-D69E8A44C7CD}.MinSizeRel|x64.ActiveCfg = MinSizeRel|x64
		{029E7050-B8E5-3487-9783-D69E8A44C7CD}.RelWithDebInfo|x64.ActiveCfg = RelWithDebInfo|x64
		{31977790-22C8-3B64-9F2B-B8C229656AC3}.Debug|x64.ActiveCfg = Debug|x64
		{31977790-22C8-3B64-9F2B-B8C229656AC3}.Debug|x64.Build.0 = Debug|x64
		{31977790-22C8-3B64-9F2B-B8C229656AC3}.Release|x64.ActiveCfg = Release|x64
		{31977790-22C8-3B64-9F2B-B8C229656AC3}.Release|x64.Build.0 = Release|x64
		{31977790-22C8-3B64-9F2B-B8C229656AC3}.MinSizeRel|x64.ActiveCfg = MinSizeRel|x64
		{31977790-22C8-3B64-9F2B-B8C229656AC3}.MinSizeRel|x64.Build.0 = MinSizeRel|x64
		{31977790-22C8-3B64-9F2B-B8C229656AC3}.RelWithDebInfo|x64.ActiveCfg = RelWithDebInfo|x64
		{31977790-22C8-3B64-9F2B-B8C229656AC3}.RelWithDebInfo|x64.Build.0 = RelWithDebInfo|x64
		{66E7487D-7F8E-336B-96C8-D4C3BE56569B}.Debug|x64.ActiveCfg = Debug|x64
		{66E7487D-7F8E-336B-96C8-D4C3BE56569B}.Debug|x64.Build.0 = Debug|x64
		{66E7487D-7F8E-336B-96C8-D4C3BE56569B}.Release|x64.ActiveCfg = Release|x64
		{66E7487D-7F8E-336B-96C8-D4C3BE56569B}.Release|x64.Build.0 = Release|x64
		{66E7487D-7F8E-336B-96C8-D4C3BE56569B}.MinSizeRel|x64.ActiveCfg = MinSizeRel|x64
		{66E7487D-7F8E-336B-96C8-D4C3BE56569B}.MinSizeRel|x64.Build.0 = MinSizeRel|x64
		{66E7487D-7F8E-336B-96C8-D4C3BE56569B}.RelWithDebInfo|x64.ActiveCfg = RelWithDebInfo|x64
		{66E7487D-7F8E-336B-96C8-D4C3BE56569B}.RelWithDebInfo|x64.Build.0 = RelWithDebInfo|x64
		{50BEE8E8-776F-3098-B9C5-638E9A0933CA}.Debug|x64.ActiveCfg = Debug|x64
		{50BEE8E8-776F-3098-B9C5-638E9A0933CA}.Debug|x64.Build.0 = Debug|x64
		{50BEE8E8-776F-3098-B9C5-638E9A0933CA}.Release|x64.ActiveCfg = Release|x64
		{50BEE8E8-776F-3098-B9C5-638E9A0933CA}.Release|x64.Build.0 = Release|x64
		{50BEE8E8-776F-3098-B9C5-638E9A0933CA}.MinSizeRel|x64.ActiveCfg = MinSizeRel|x64
		{50BEE8E8-776F-3098-B9C5-638E9A0933CA}.MinSizeRel|x64.Build.0 = MinSizeRel|x64
		{50BEE8E8-776F-3098-B9C5-638E9A0933CA}.RelWithDebInfo|x64.ActiveCfg = RelWithDebInfo|x64
		{50BEE8E8-776F-3098-B9C5-638E9A0933CA}.RelWithDebInfo|x64.Build.0 = RelWithDebInfo|x64
		{842D576E-B94C-3621-8ECB-0FA8125C2861}.Debug|x64.ActiveCfg = Debug|x64
		{842D576E-B94C-3621-8ECB-0FA8125C2861}.Debug|x64.Build.0 = Debug|x64
		{842D576E-B94C-3621-8ECB-0FA8125C2861}.Release|x64.ActiveCfg = Release|x64
		{842D576E-B94C-3621-8ECB-0FA8125C2861}.Release|x64.Build.0 = Release|x64
		{842D576E-B94C-3621-8ECB-0FA8125C2861}.MinSizeRel|x64.ActiveCfg = MinSizeRel|x64
		{842D576E-B94C-3621-8ECB-0FA8125C2861}.MinSizeRel|x64.Build.0 = MinSizeRel|x64
		{842D576E-B94C-3621-8ECB-0FA8125C2861}.RelWithDebInfo|x64.ActiveCfg = RelWithDebInfo|x64
		{842D576E-B94C-3621-8ECB-0FA8125C2861}.RelWithDebInfo|x64.Build.0 = RelWithDebInfo|x64
		{DC378F0E-A523-349C-8FF2-0A91E7150089}.Debug|x64.ActiveCfg = Debug|x64
		{DC378F0E-A523-349C-8FF2-0A91E7150089}.Debug|x64.Build.0 = Debug|x64
		{DC378F0E-A523-349C-8FF2-0A91E7150089}.Release|x64.ActiveCfg = Release|x64
		{DC378F0E-A523-349C-8FF2-0A91E7150089}.Release|x64.Build.0 = Release|x64
		{DC378F0E-A523-349C-8FF2-0A91E7150089}.MinSizeRel|x64.ActiveCfg = MinSizeRel|x64
		{DC378F0E-A523-349C-8FF2-0A91E7150089}.MinSizeRel|x64.Build.0 = MinSizeRel|x64
		{DC378F0E-A523-349C-8FF2-0A91E7150089}.RelWithDebInfo|x64.ActiveCfg = RelWithDebInfo|x64
		{DC378F0E-A523-349C-8FF2-0A91E7150089}.RelWithDebInfo|x64.Build.0 = RelWithDebInfo|x64
		{D40BD213-87C6-3141-A2D2-894F46B6699D}.Debug|x64.ActiveCfg = Debug|x64
		{D40BD213-87C6-3141-A2D2-894F46B6699D}.Debug|x64.Build.0 = Debug|x64
		{D40BD213-87C6-3141-A2D2-894F46B6699D}.Release|x64.ActiveCfg = Release|x64
		{D40BD213-87C6-3141-A2D2-894F46B6699D}.Release|x64.Build.0 = Release|x64
		{D40BD213-87C6-3141-A2D2-894F46B6699D}.MinSizeRel|x64.ActiveCfg = MinSizeRel|x64
		{D40BD213-87C6-3141-A2D2-894F46B6699D}.MinSizeRel|x64.Build.0 = MinSizeRel|x64
		{D40BD213-87C6-3141-A2D2-894F46B6699D}.RelWithDebInfo|x64.ActiveCfg = RelWithDebInfo|x64
		{D40BD213-87C6-3141-A2D2-894F46B6699D}.RelWithDebInfo|x64.Build.0 = RelWithDebInfo|x64
		{837588B9-7A36-3FA8-92D2-E99FAC6EDB7F}.Debug|x64.ActiveCfg = Debug|x64
		{837588B9-7A36-3FA8-92D2-E99FAC6EDB7F}.Debug|x64.Build.0 = Debug|x64
		{837588B9-7A36-3FA8-92D2-E99FAC6EDB7F}.Release|x64.ActiveCfg = Release|x64
		{837588B9-7A36-3FA8-92D2-E99FAC6EDB7F}.Release|x64.Build.0 = Release|x64
		{837588B9-7A36-3FA8-92D2-E99FAC6EDB7F}.MinSizeRel|x64.ActiveCfg = MinSizeRel|x64
		{837588B9-7A36-3FA8-92D2-E99FAC6EDB7F}.MinSizeRel|x64.Build.0 = MinSizeRel|x64
		{837588B9-7A36-3FA8-92D2-E99FAC6EDB7F}.RelWithDebInfo|x64.ActiveCfg = RelWithDebInfo|x64
		{837588B9-7A36-3FA8-92D2-E99FAC6EDB7F}.RelWithDebInfo|x64.Build.0 = RelWithDebInfo|x64
		{258998C4-26E9-3893-B4B4-56EEE0ED9885}.Debug|x64.ActiveCfg = Debug|x64
		{258998C4-26E9-3893-B4B4-56EEE0ED9885}.Debug|x64.Build.0 = Debug|x64
		{258998C4-26E9-3893-B4B4-56EEE0ED9885}.Release|x64.ActiveCfg = Release|x64
		{258998C4-26E9-3893-B4B4-56EEE0ED9885}.Release|x64.Build.0 = Release|x64
		{258998C4-26E9-3893-B4B4-56EEE0ED9885}.MinSizeRel|x64.ActiveCfg = MinSizeRel|x64
		{258998C4-26E9-3893-B4B4-56EEE0ED9885}.MinSizeRel|x64.Build.0 = MinSizeRel|x64
		{258998C4-26E9-3893-B4B4-56EEE0ED9885}.RelWithDebInfo|x64.ActiveCfg = RelWithDebInfo|x64
		{258998C4-26E9-3893-B4B4-56EEE0ED9885}.RelWithDebInfo|x64.Build.0 = RelWithDebInfo|x64
		{41052550-A913-3D5F-8D4A-465341E843D0}.Debug|x64.ActiveCfg = Debug|x64
		{41052550-A913-3D5F-8D4A-465341E843D0}.Debug|x64.Build.0 = Debug|x64
		{41052550-A913-3D5F-8D4A-465341E843D0}.Release|x64.ActiveCfg = Release|x64
		{41052550-A913-3D5F-8D4A-465341E843D0}.Release|x64.Build.0 = Release|x64
		{41052550-A913-3D5F-8D4A-465341E843D0}.MinSizeRel|x64.ActiveCfg = MinSizeRel|x64
		{41052550-A913-3D5F-8D4A-465341E843D0}.MinSizeRel|x64.Build.0 = MinSizeRel|x64
		{41052550-A913-3D5F-8D4A-465341E843D0}.RelWithDebInfo|x64.ActiveCfg = RelWithDebInfo|x64
		{41052550-A913-3D5F-8D4A-465341E843D0}.RelWithDebInfo|x64.Build.0 = RelWithDebInfo|x64
	EndGlobalSection
	GlobalSection(NestedProjects) = preSolution
		{379DB46A-8F29-328B-9AF9-AB12D7E094F3} = {CA4C7A04-7497-30F8-A290-A3D94A134064}
		{AE013B99-57A6-33C0-959D-C271CB7AF2DD} = {CA4C7A04-7497-30F8-A290-A3D94A134064}
		{894569D8-E481-3FE5-A664-EF0E50AF20DF} = {CA4C7A04-7497-30F8-A290-A3D94A134064}
		{842D576E-B94C-3621-8ECB-0FA8125C2861} = {CA4C7A04-7497-30F8-A290-A3D94A134064}
		{A46D83C0-369A-3A66-A22B-A4B465CA14EB} = {67C97673-E49A-309A-97EA-748CE7ECE9A2}
		{029E7050-B8E5-3487-9783-D69E8A44C7CD} = {67C97673-E49A-309A-97EA-748CE7ECE9A2}
		{31977790-22C8-3B64-9F2B-B8C229656AC3} = {67C97673-E49A-309A-97EA-748CE7ECE9A2}
		{66E7487D-7F8E-336B-96C8-D4C3BE56569B} = {67C97673-E49A-309A-97EA-748CE7ECE9A2}
	EndGlobalSection
	GlobalSection(ExtensibilityGlobals) = postSolution
		SolutionGuid = {DE37A2F8-260F-38D6-AAA4-5BF971CD23BC}
	EndGlobalSection
	GlobalSection(ExtensibilityAddIns) = postSolution
	EndGlobalSection
EndGlobal
